
Microsoft Visual Studio Solution File, Format Version 12.00
# Visual Studio 15
VisualStudioVersion = 15.0.28307.421
MinimumVisualStudioVersion = 10.0.40219.1
Project("{FAE04EC0-301F-11D3-BF4B-00C04F79EFBC}") = "CefSharpTest", "CefSharpTest\CefSharpTest.csproj", "{9500662A-B644-4414-9924-717972A526C0}"
EndProject
Project("{FAE04EC0-301F-11D3-BF4B-00C04F79EFBC}") = "Project10", "Project10\Project10.csproj", "{1D254793-41C2-47E6-8AEA-28ABF12B52DD}"
	ProjectSection(ProjectDependencies) = postProject
		{9500662A-B644-4414-9924-717972A526C0} = {9500662A-B644-4414-9924-717972A526C0}
	EndProjectSection
EndProject
Project("{FAE04EC0-301F-11D3-BF4B-00C04F79EFBC}") = "Project11", "Project11\Project11.csproj", "{569B27D7-6821-4E42-ABE9-C63DE8A36C93}"
	ProjectSection(ProjectDependencies) = postProject
		{9500662A-B644-4414-9924-717972A526C0} = {9500662A-B644-4414-9924-717972A526C0}
	EndProjectSection
EndProject
Project("{FAE04EC0-301F-11D3-BF4B-00C04F79EFBC}") = "Project12", "Project12\Project12.csproj", "{970A1479-B968-49C7-A398-2ACF45EBF543}"
	ProjectSection(ProjectDependencies) = postProject
		{9500662A-B644-4414-9924-717972A526C0} = {9500662A-B644-4414-9924-717972A526C0}
	EndProjectSection
EndProject
Project("{FAE04EC0-301F-11D3-BF4B-00C04F79EFBC}") = "Project13", "Project13\Project13.csproj", "{F13458E0-7207-44E3-B381-DED2EC19323B}"
	ProjectSection(ProjectDependencies) = postProject
		{9500662A-B644-4414-9924-717972A526C0} = {9500662A-B644-4414-9924-717972A526C0}
	EndProjectSection
EndProject
Project("{FAE04EC0-301F-11D3-BF4B-00C04F79EFBC}") = "Project14", "Project14\Project14.csproj", "{019B5496-7063-4C3A-AE5F-F6E69A6A6297}"
	ProjectSection(ProjectDependencies) = postProject
		{9500662A-B644-4414-9924-717972A526C0} = {9500662A-B644-4414-9924-717972A526C0}
	EndProjectSection
EndProject
Project("{FAE04EC0-301F-11D3-BF4B-00C04F79EFBC}") = "Project15", "Project15\Project15.csproj", "{7D4C3BF6-CFD8-4AB4-839C-A7013360DCAB}"
	ProjectSection(ProjectDependencies) = postProject
		{9500662A-B644-4414-9924-717972A526C0} = {9500662A-B644-4414-9924-717972A526C0}
	EndProjectSection
EndProject
Project("{FAE04EC0-301F-11D3-BF4B-00C04F79EFBC}") = "Project16", "Project16\Project16.csproj", "{FFC22B33-44AA-41E5-8182-36B67AA6C93A}"
	ProjectSection(ProjectDependencies) = postProject
		{9500662A-B644-4414-9924-717972A526C0} = {9500662A-B644-4414-9924-717972A526C0}
	EndProjectSection
EndProject
Project("{FAE04EC0-301F-11D3-BF4B-00C04F79EFBC}") = "Project17", "Project17\Project17.csproj", "{42BCDAF9-4840-4EE1-87D5-3BCFE457F675}"
	ProjectSection(ProjectDependencies) = postProject
		{9500662A-B644-4414-9924-717972A526C0} = {9500662A-B644-4414-9924-717972A526C0}
	EndProjectSection
EndProject
Project("{FAE04EC0-301F-11D3-BF4B-00C04F79EFBC}") = "Project18", "Project18\Project18.csproj", "{9B3C1E67-0A60-41D3-A1A7-B2DD00CEFF5B}"
	ProjectSection(ProjectDependencies) = postProject
		{9500662A-B644-4414-9924-717972A526C0} = {9500662A-B644-4414-9924-717972A526C0}
	EndProjectSection
EndProject
Project("{FAE04EC0-301F-11D3-BF4B-00C04F79EFBC}") = "Project19", "Project19\Project19.csproj", "{96870F0D-4E25-4440-87AC-B1C9CCE8D418}"
	ProjectSection(ProjectDependencies) = postProject
		{9500662A-B644-4414-9924-717972A526C0} = {9500662A-B644-4414-9924-717972A526C0}
	EndProjectSection
EndProject
Project("{FAE04EC0-301F-11D3-BF4B-00C04F79EFBC}") = "Project20", "Project20\Project20.csproj", "{79EA0B75-7A89-4029-A8DF-2CD8BDB2FC1D}"
	ProjectSection(ProjectDependencies) = postProject
		{9500662A-B644-4414-9924-717972A526C0} = {9500662A-B644-4414-9924-717972A526C0}
	EndProjectSection
EndProject
Project("{2150E333-8FDC-42A3-9474-1A3956D46DE8}") = "DummyProjects", "DummyProjects", "{C8928665-9173-4FF5-872D-8485AA9B287D}"
EndProject
Project("{FAE04EC0-301F-11D3-BF4B-00C04F79EFBC}") = "Project01", "Project01\Project01.csproj", "{C976CCD9-5727-4C29-87F6-47B77C5007CD}"
EndProject
Project("{FAE04EC0-301F-11D3-BF4B-00C04F79EFBC}") = "Project02", "Project02\Project02.csproj", "{C0585C59-DEF9-4835-B123-547E4A356666}"
EndProject
Project("{FAE04EC0-301F-11D3-BF4B-00C04F79EFBC}") = "Project03", "Project03\Project03.csproj", "{33307D06-9932-497C-9444-D42B180C9F44}"
EndProject
Project("{FAE04EC0-301F-11D3-BF4B-00C04F79EFBC}") = "Project04", "Project04\Project04.csproj", "{6DC2B08C-DC15-4674-840E-1320512D5325}"
EndProject
Project("{FAE04EC0-301F-11D3-BF4B-00C04F79EFBC}") = "Project05", "Project05\Project05.csproj", "{4EC690C0-71C3-4125-A569-06416239F167}"
EndProject
Project("{FAE04EC0-301F-11D3-BF4B-00C04F79EFBC}") = "Project06", "Project06\Project06.csproj", "{50583086-CA5B-489C-959E-E2240EBB6958}"
EndProject
Project("{FAE04EC0-301F-11D3-BF4B-00C04F79EFBC}") = "Project07", "Project07\Project07.csproj", "{B3C5F4F9-241A-4473-9954-44B9DBB0E4E3}"
EndProject
Project("{FAE04EC0-301F-11D3-BF4B-00C04F79EFBC}") = "Project08", "Project08\Project08.csproj", "{0005497A-5CF4-43BB-9BAE-6E9C3C710818}"
EndProject
Project("{FAE04EC0-301F-11D3-BF4B-00C04F79EFBC}") = "Project09", "Project09\Project09.csproj", "{E5E10744-BADE-41C2-9CB8-98C3D6E6A4C8}"
EndProject
Global
	GlobalSection(SolutionConfigurationPlatforms) = preSolution
		Debug|Any CPU = Debug|Any CPU
		Debug|x64 = Debug|x64
		Release|Any CPU = Release|Any CPU
		Release|x64 = Release|x64
	EndGlobalSection
	GlobalSection(ProjectConfigurationPlatforms) = postSolution
		{9500662A-B644-4414-9924-717972A526C0}.Debug|Any CPU.ActiveCfg = Debug|x64
		{9500662A-B644-4414-9924-717972A526C0}.Debug|x64.ActiveCfg = Debug|x64
		{9500662A-B644-4414-9924-717972A526C0}.Debug|x64.Build.0 = Debug|x64
		{9500662A-B644-4414-9924-717972A526C0}.Release|Any CPU.ActiveCfg = Release|x64
		{9500662A-B644-4414-9924-717972A526C0}.Release|x64.ActiveCfg = Release|x64
		{9500662A-B644-4414-9924-717972A526C0}.Release|x64.Build.0 = Release|x64
		{1D254793-41C2-47E6-8AEA-28ABF12B52DD}.Debug|Any CPU.ActiveCfg = Debug|x64
		{1D254793-41C2-47E6-8AEA-28ABF12B52DD}.Debug|x64.ActiveCfg = Debug|x64
		{1D254793-41C2-47E6-8AEA-28ABF12B52DD}.Debug|x64.Build.0 = Debug|x64
		{1D254793-41C2-47E6-8AEA-28ABF12B52DD}.Release|Any CPU.ActiveCfg = Release|x64
		{1D254793-41C2-47E6-8AEA-28ABF12B52DD}.Release|x64.ActiveCfg = Release|x64
		{1D254793-41C2-47E6-8AEA-28ABF12B52DD}.Release|x64.Build.0 = Release|x64
		{569B27D7-6821-4E42-ABE9-C63DE8A36C93}.Debug|Any CPU.ActiveCfg = Debug|x64
		{569B27D7-6821-4E42-ABE9-C63DE8A36C93}.Debug|x64.ActiveCfg = Debug|x64
		{569B27D7-6821-4E42-ABE9-C63DE8A36C93}.Debug|x64.Build.0 = Debug|x64
		{569B27D7-6821-4E42-ABE9-C63DE8A36C93}.Release|Any CPU.ActiveCfg = Release|x64
		{569B27D7-6821-4E42-ABE9-C63DE8A36C93}.Release|x64.ActiveCfg = Release|x64
		{569B27D7-6821-4E42-ABE9-C63DE8A36C93}.Release|x64.Build.0 = Release|x64
		{970A1479-B968-49C7-A398-2ACF45EBF543}.Debug|Any CPU.ActiveCfg = Debug|x64
		{970A1479-B968-49C7-A398-2ACF45EBF543}.Debug|x64.ActiveCfg = Debug|x64
		{970A1479-B968-49C7-A398-2ACF45EBF543}.Debug|x64.Build.0 = Debug|x64
		{970A1479-B968-49C7-A398-2ACF45EBF543}.Release|Any CPU.ActiveCfg = Release|x64
		{970A1479-B968-49C7-A398-2ACF45EBF543}.Release|x64.ActiveCfg = Release|x64
		{970A1479-B968-49C7-A398-2ACF45EBF543}.Release|x64.Build.0 = Release|x64
		{F13458E0-7207-44E3-B381-DED2EC19323B}.Debug|Any CPU.ActiveCfg = Debug|x64
		{F13458E0-7207-44E3-B381-DED2EC19323B}.Debug|x64.ActiveCfg = Debug|x64
		{F13458E0-7207-44E3-B381-DED2EC19323B}.Debug|x64.Build.0 = Debug|x64
		{F13458E0-7207-44E3-B381-DED2EC19323B}.Release|Any CPU.ActiveCfg = Release|x64
		{F13458E0-7207-44E3-B381-DED2EC19323B}.Release|x64.ActiveCfg = Release|x64
		{F13458E0-7207-44E3-B381-DED2EC19323B}.Release|x64.Build.0 = Release|x64
		{019B5496-7063-4C3A-AE5F-F6E69A6A6297}.Debug|Any CPU.ActiveCfg = Debug|x64
		{019B5496-7063-4C3A-AE5F-F6E69A6A6297}.Debug|x64.ActiveCfg = Debug|x64
		{019B5496-7063-4C3A-AE5F-F6E69A6A6297}.Debug|x64.Build.0 = Debug|x64
		{019B5496-7063-4C3A-AE5F-F6E69A6A6297}.Release|Any CPU.ActiveCfg = Release|x64
		{019B5496-7063-4C3A-AE5F-F6E69A6A6297}.Release|x64.ActiveCfg = Release|x64
		{019B5496-7063-4C3A-AE5F-F6E69A6A6297}.Release|x64.Build.0 = Release|x64
		{7D4C3BF6-CFD8-4AB4-839C-A7013360DCAB}.Debug|Any CPU.ActiveCfg = Debug|x64
		{7D4C3BF6-CFD8-4AB4-839C-A7013360DCAB}.Debug|x64.ActiveCfg = Debug|x64
		{7D4C3BF6-CFD8-4AB4-839C-A7013360DCAB}.Debug|x64.Build.0 = Debug|x64
		{7D4C3BF6-CFD8-4AB4-839C-A7013360DCAB}.Release|Any CPU.ActiveCfg = Release|x64
		{7D4C3BF6-CFD8-4AB4-839C-A7013360DCAB}.Release|x64.ActiveCfg = Release|x64
		{7D4C3BF6-CFD8-4AB4-839C-A7013360DCAB}.Release|x64.Build.0 = Release|x64
		{FFC22B33-44AA-41E5-8182-36B67AA6C93A}.Debug|Any CPU.ActiveCfg = Debug|x64
		{FFC22B33-44AA-41E5-8182-36B67AA6C93A}.Debug|x64.ActiveCfg = Debug|x64
		{FFC22B33-44AA-41E5-8182-36B67AA6C93A}.Debug|x64.Build.0 = Debug|x64
		{FFC22B33-44AA-41E5-8182-36B67AA6C93A}.Release|Any CPU.ActiveCfg = Release|x64
		{FFC22B33-44AA-41E5-8182-36B67AA6C93A}.Release|x64.ActiveCfg = Release|x64
		{FFC22B33-44AA-41E5-8182-36B67AA6C93A}.Release|x64.Build.0 = Release|x64
		{42BCDAF9-4840-4EE1-87D5-3BCFE457F675}.Debug|Any CPU.ActiveCfg = Debug|x64
		{42BCDAF9-4840-4EE1-87D5-3BCFE457F675}.Debug|x64.ActiveCfg = Debug|x64
		{42BCDAF9-4840-4EE1-87D5-3BCFE457F675}.Debug|x64.Build.0 = Debug|x64
		{42BCDAF9-4840-4EE1-87D5-3BCFE457F675}.Release|Any CPU.ActiveCfg = Release|x64
		{42BCDAF9-4840-4EE1-87D5-3BCFE457F675}.Release|x64.ActiveCfg = Release|x64
		{42BCDAF9-4840-4EE1-87D5-3BCFE457F675}.Release|x64.Build.0 = Release|x64
		{9B3C1E67-0A60-41D3-A1A7-B2DD00CEFF5B}.Debug|Any CPU.ActiveCfg = Debug|x64
		{9B3C1E67-0A60-41D3-A1A7-B2DD00CEFF5B}.Debug|x64.ActiveCfg = Debug|x64
		{9B3C1E67-0A60-41D3-A1A7-B2DD00CEFF5B}.Debug|x64.Build.0 = Debug|x64
		{9B3C1E67-0A60-41D3-A1A7-B2DD00CEFF5B}.Release|Any CPU.ActiveCfg = Release|x64
		{9B3C1E67-0A60-41D3-A1A7-B2DD00CEFF5B}.Release|x64.ActiveCfg = Release|x64
		{9B3C1E67-0A60-41D3-A1A7-B2DD00CEFF5B}.Release|x64.Build.0 = Release|x64
		{96870F0D-4E25-4440-87AC-B1C9CCE8D418}.Debug|Any CPU.ActiveCfg = Debug|x64
		{96870F0D-4E25-4440-87AC-B1C9CCE8D418}.Debug|x64.ActiveCfg = Debug|x64
		{96870F0D-4E25-4440-87AC-B1C9CCE8D418}.Debug|x64.Build.0 = Debug|x64
		{96870F0D-4E25-4440-87AC-B1C9CCE8D418}.Release|Any CPU.ActiveCfg = Release|x64
		{96870F0D-4E25-4440-87AC-B1C9CCE8D418}.Release|x64.ActiveCfg = Release|x64
		{96870F0D-4E25-4440-87AC-B1C9CCE8D418}.Release|x64.Build.0 = Release|x64
		{79EA0B75-7A89-4029-A8DF-2CD8BDB2FC1D}.Debug|Any CPU.ActiveCfg = Debug|x64
		{79EA0B75-7A89-4029-A8DF-2CD8BDB2FC1D}.Debug|x64.ActiveCfg = Debug|x64
		{79EA0B75-7A89-4029-A8DF-2CD8BDB2FC1D}.Debug|x64.Build.0 = Debug|x64
		{79EA0B75-7A89-4029-A8DF-2CD8BDB2FC1D}.Release|Any CPU.ActiveCfg = Release|x64
		{79EA0B75-7A89-4029-A8DF-2CD8BDB2FC1D}.Release|x64.ActiveCfg = Release|x64
		{79EA0B75-7A89-4029-A8DF-2CD8BDB2FC1D}.Release|x64.Build.0 = Release|x64
		{C976CCD9-5727-4C29-87F6-47B77C5007CD}.Debug|Any CPU.ActiveCfg = Debug|x64
		{C976CCD9-5727-4C29-87F6-47B77C5007CD}.Debug|x64.ActiveCfg = Debug|x64
		{C976CCD9-5727-4C29-87F6-47B77C5007CD}.Debug|x64.Build.0 = Debug|x64
		{C976CCD9-5727-4C29-87F6-47B77C5007CD}.Release|Any CPU.ActiveCfg = Release|x64
		{C976CCD9-5727-4C29-87F6-47B77C5007CD}.Release|x64.ActiveCfg = Release|x64
		{C976CCD9-5727-4C29-87F6-47B77C5007CD}.Release|x64.Build.0 = Release|x64
		{C0585C59-DEF9-4835-B123-547E4A356666}.Debug|Any CPU.ActiveCfg = Debug|x64
		{C0585C59-DEF9-4835-B123-547E4A356666}.Debug|x64.ActiveCfg = Debug|x64
		{C0585C59-DEF9-4835-B123-547E4A356666}.Debug|x64.Build.0 = Debug|x64
		{C0585C59-DEF9-4835-B123-547E4A356666}.Release|Any CPU.ActiveCfg = Release|x64
		{C0585C59-DEF9-4835-B123-547E4A356666}.Release|x64.ActiveCfg = Release|x64
		{C0585C59-DEF9-4835-B123-547E4A356666}.Release|x64.Build.0 = Release|x64
		{33307D06-9932-497C-9444-D42B180C9F44}.Debug|Any CPU.ActiveCfg = Debug|x64
		{33307D06-9932-497C-9444-D42B180C9F44}.Debug|x64.ActiveCfg = Debug|x64
		{33307D06-9932-497C-9444-D42B180C9F44}.Debug|x64.Build.0 = Debug|x64
		{33307D06-9932-497C-9444-D42B180C9F44}.Release|Any CPU.ActiveCfg = Release|x64
		{33307D06-9932-497C-9444-D42B180C9F44}.Release|x64.ActiveCfg = Release|x64
		{33307D06-9932-497C-9444-D42B180C9F44}.Release|x64.Build.0 = Release|x64
		{6DC2B08C-DC15-4674-840E-1320512D5325}.Debug|Any CPU.ActiveCfg = Debug|x64
		{6DC2B08C-DC15-4674-840E-1320512D5325}.Debug|x64.ActiveCfg = Debug|x64
		{6DC2B08C-DC15-4674-840E-1320512D5325}.Debug|x64.Build.0 = Debug|x64
		{6DC2B08C-DC15-4674-840E-1320512D5325}.Release|Any CPU.ActiveCfg = Release|x64
		{6DC2B08C-DC15-4674-840E-1320512D5325}.Release|x64.ActiveCfg = Release|x64
		{6DC2B08C-DC15-4674-840E-1320512D5325}.Release|x64.Build.0 = Release|x64
		{4EC690C0-71C3-4125-A569-06416239F167}.Debug|Any CPU.ActiveCfg = Debug|x64
		{4EC690C0-71C3-4125-A569-06416239F167}.Debug|x64.ActiveCfg = Debug|x64
		{4EC690C0-71C3-4125-A569-06416239F167}.Debug|x64.Build.0 = Debug|x64
		{4EC690C0-71C3-4125-A569-06416239F167}.Release|Any CPU.ActiveCfg = Release|x64
		{4EC690C0-71C3-4125-A569-06416239F167}.Release|x64.ActiveCfg = Release|x64
		{4EC690C0-71C3-4125-A569-06416239F167}.Release|x64.Build.0 = Release|x64
		{50583086-CA5B-489C-959E-E2240EBB6958}.Debug|Any CPU.ActiveCfg = Debug|x64
		{50583086-CA5B-489C-959E-E2240EBB6958}.Debug|x64.ActiveCfg = Debug|x64
		{50583086-CA5B-489C-959E-E2240EBB6958}.Debug|x64.Build.0 = Debug|x64
		{50583086-CA5B-489C-959E-E2240EBB6958}.Release|Any CPU.ActiveCfg = Release|x64
		{50583086-CA5B-489C-959E-E2240EBB6958}.Release|x64.ActiveCfg = Release|x64
		{50583086-CA5B-489C-959E-E2240EBB6958}.Release|x64.Build.0 = Release|x64
		{B3C5F4F9-241A-4473-9954-44B9DBB0E4E3}.Debug|Any CPU.ActiveCfg = Debug|x64
		{B3C5F4F9-241A-4473-9954-44B9DBB0E4E3}.Debug|x64.ActiveCfg = Debug|x64
		{B3C5F4F9-241A-4473-9954-44B9DBB0E4E3}.Debug|x64.Build.0 = Debug|x64
		{B3C5F4F9-241A-4473-9954-44B9DBB0E4E3}.Release|Any CPU.ActiveCfg = Release|x64
		{B3C5F4F9-241A-4473-9954-44B9DBB0E4E3}.Release|x64.ActiveCfg = Release|x64
		{B3C5F4F9-241A-4473-9954-44B9DBB0E4E3}.Release|x64.Build.0 = Release|x64
		{0005497A-5CF4-43BB-9BAE-6E9C3C710818}.Debug|Any CPU.ActiveCfg = Debug|x64
		{0005497A-5CF4-43BB-9BAE-6E9C3C710818}.Debug|x64.ActiveCfg = Debug|x64
		{0005497A-5CF4-43BB-9BAE-6E9C3C710818}.Debug|x64.Build.0 = Debug|x64
		{0005497A-5CF4-43BB-9BAE-6E9C3C710818}.Release|Any CPU.ActiveCfg = Release|x64
		{0005497A-5CF4-43BB-9BAE-6E9C3C710818}.Release|x64.ActiveCfg = Release|x64
		{0005497A-5CF4-43BB-9BAE-6E9C3C710818}.Release|x64.Build.0 = Release|x64
		{E5E10744-BADE-41C2-9CB8-98C3D6E6A4C8}.Debug|Any CPU.ActiveCfg = Debug|x64
		{E5E10744-BADE-41C2-9CB8-98C3D6E6A4C8}.Debug|x64.ActiveCfg = Debug|x64
		{E5E10744-BADE-41C2-9CB8-98C3D6E6A4C8}.Debug|x64.Build.0 = Debug|x64
		{E5E10744-BADE-41C2-9CB8-98C3D6E6A4C8}.Release|Any CPU.ActiveCfg = Release|x64
		{E5E10744-BADE-41C2-9CB8-98C3D6E6A4C8}.Release|x64.ActiveCfg = Release|x64
		{E5E10744-BADE-41C2-9CB8-98C3D6E6A4C8}.Release|x64.Build.0 = Release|x64
	EndGlobalSection
	GlobalSection(SolutionProperties) = preSolution
		HideSolutionNode = FALSE
	EndGlobalSection
	GlobalSection(NestedProjects) = preSolution
		{1D254793-41C2-47E6-8AEA-28ABF12B52DD} = {C8928665-9173-4FF5-872D-8485AA9B287D}
		{569B27D7-6821-4E42-ABE9-C63DE8A36C93} = {C8928665-9173-4FF5-872D-8485AA9B287D}
		{970A1479-B968-49C7-A398-2ACF45EBF543} = {C8928665-9173-4FF5-872D-8485AA9B287D}
		{F13458E0-7207-44E3-B381-DED2EC19323B} = {C8928665-9173-4FF5-872D-8485AA9B287D}
		{019B5496-7063-4C3A-AE5F-F6E69A6A6297} = {C8928665-9173-4FF5-872D-8485AA9B287D}
		{7D4C3BF6-CFD8-4AB4-839C-A7013360DCAB} = {C8928665-9173-4FF5-872D-8485AA9B287D}
		{FFC22B33-44AA-41E5-8182-36B67AA6C93A} = {C8928665-9173-4FF5-872D-8485AA9B287D}
		{42BCDAF9-4840-4EE1-87D5-3BCFE457F675} = {C8928665-9173-4FF5-872D-8485AA9B287D}
		{9B3C1E67-0A60-41D3-A1A7-B2DD00CEFF5B} = {C8928665-9173-4FF5-872D-8485AA9B287D}
		{96870F0D-4E25-4440-87AC-B1C9CCE8D418} = {C8928665-9173-4FF5-872D-8485AA9B287D}
		{79EA0B75-7A89-4029-A8DF-2CD8BDB2FC1D} = {C8928665-9173-4FF5-872D-8485AA9B287D}
		{C976CCD9-5727-4C29-87F6-47B77C5007CD} = {C8928665-9173-4FF5-872D-8485AA9B287D}
		{C0585C59-DEF9-4835-B123-547E4A356666} = {C8928665-9173-4FF5-872D-8485AA9B287D}
		{33307D06-9932-497C-9444-D42B180C9F44} = {C8928665-9173-4FF5-872D-8485AA9B287D}
		{6DC2B08C-DC15-4674-840E-1320512D5325} = {C8928665-9173-4FF5-872D-8485AA9B287D}
		{4EC690C0-71C3-4125-A569-06416239F167} = {C8928665-9173-4FF5-872D-8485AA9B287D}
		{50583086-CA5B-489C-959E-E2240EBB6958} = {C8928665-9173-4FF5-872D-8485AA9B287D}
		{B3C5F4F9-241A-4473-9954-44B9DBB0E4E3} = {C8928665-9173-4FF5-872D-8485AA9B287D}
		{0005497A-5CF4-43BB-9BAE-6E9C3C710818} = {C8928665-9173-4FF5-872D-8485AA9B287D}
		{E5E10744-BADE-41C2-9CB8-98C3D6E6A4C8} = {C8928665-9173-4FF5-872D-8485AA9B287D}
	EndGlobalSection
	GlobalSection(ExtensibilityGlobals) = postSolution
		SolutionGuid = {1CD31668-1D0A-485B-B11A-C566CFACF2DF}
	EndGlobalSection
EndGlobal
